
Microsoft Visual Studio Solution File, Format Version 12.00
# Visual Studio 15
VisualStudioVersion = 15.0.27130.2036
MinimumVisualStudioVersion = 10.0.40219.1
Project("{FAE04EC0-301F-11D3-BF4B-00C04F79EFBC}") = "10.1AddingSimpleGraphics", "10.1AddingSimpleGraphics\10.1AddingSimpleGraphics.csproj", "{5E0C29BC-ED57-4545-A22B-F86C4647D68E}"
EndProject
Global
	GlobalSection(SolutionConfigurationPlatforms) = preSolution
		Debug|Any CPU = Debug|Any CPU
		Release|Any CPU = Release|Any CPU
	EndGlobalSection
	GlobalSection(ProjectConfigurationPlatforms) = postSolution
		{5E0C29BC-ED57-4545-A22B-F86C4647D68E}.Debug|Any CPU.ActiveCfg = Debug|Any CPU
		{5E0C29BC-ED57-4545-A22B-F86C4647D68E}.Debug|Any CPU.Build.0 = Debug|Any CPU
		{5E0C29BC-ED57-4545-A22B-F86C4647D68E}.Release|Any CPU.ActiveCfg = Release|Any CPU
		{5E0C29BC-ED57-4545-A22B-F86C4647D68E}.Release|Any CPU.Build.0 = Release|Any CPU
	EndGlobalSection
	GlobalSection(SolutionProperties) = preSolution
		HideSolutionNode = FALSE
	EndGlobalSection
	GlobalSection(ExtensibilityGlobals) = postSolution
		SolutionGuid = {7781B116-19ED-47FC-B23F-05123CF619CE}
	EndGlobalSection
EndGlobal
