
Microsoft Visual Studio Solution File, Format Version 12.00
# Visual Studio 15
VisualStudioVersion = 15.0.27130.2036
MinimumVisualStudioVersion = 10.0.40219.1
Project("{FAE04EC0-301F-11D3-BF4B-00C04F79EFBC}") = "9.1WorkingWithDataTime", "9.1WorkingWithDataTime\9.1WorkingWithDataTime.csproj", "{61A3D6DD-6902-406C-A03F-3D50FD130822}"
EndProject
Global
	GlobalSection(SolutionConfigurationPlatforms) = preSolution
		Debug|Any CPU = Debug|Any CPU
		Release|Any CPU = Release|Any CPU
	EndGlobalSection
	GlobalSection(ProjectConfigurationPlatforms) = postSolution
		{61A3D6DD-6902-406C-A03F-3D50FD130822}.Debug|Any CPU.ActiveCfg = Debug|Any CPU
		{61A3D6DD-6902-406C-A03F-3D50FD130822}.Debug|Any CPU.Build.0 = Debug|Any CPU
		{61A3D6DD-6902-406C-A03F-3D50FD130822}.Release|Any CPU.ActiveCfg = Release|Any CPU
		{61A3D6DD-6902-406C-A03F-3D50FD130822}.Release|Any CPU.Build.0 = Release|Any CPU
	EndGlobalSection
	GlobalSection(SolutionProperties) = preSolution
		HideSolutionNode = FALSE
	EndGlobalSection
	GlobalSection(ExtensibilityGlobals) = postSolution
		SolutionGuid = {3EE21F1D-5F8C-4588-8C6F-9A6B6668706C}
	EndGlobalSection
EndGlobal
